
Microsoft Visual Studio Solution File, Format Version 12.00
# Visual Studio Version 17
VisualStudioVersion = 17.3.32929.385
MinimumVisualStudioVersion = 10.0.40219.1
Project("{FAE04EC0-301F-11D3-BF4B-00C04F79EFBC}") = "BasicWebSocketApp", "BasicWebSocketApp\BasicWebSocketApp.csproj", "{C9C069E9-F8C9-41A3-A635-9E86419E581A}"
EndProject
Project("{FAE04EC0-301F-11D3-BF4B-00C04F79EFBC}") = "BasicWebSocketApp.WebSocketMiddleware", "BasicWebSocketApp.WebSocketMiddleware\BasicWebSocketApp.WebSocketMiddleware.csproj", "{B6E2DF4C-0596-498A-BB05-8FC673830301}"
EndProject
Global
	GlobalSection(SolutionConfigurationPlatforms) = preSolution
		Debug|Any CPU = Debug|Any CPU
		Release|Any CPU = Release|Any CPU
	EndGlobalSection
	GlobalSection(ProjectConfigurationPlatforms) = postSolution
		{C9C069E9-F8C9-41A3-A635-9E86419E581A}.Debug|Any CPU.ActiveCfg = Debug|Any CPU
		{C9C069E9-F8C9-41A3-A635-9E86419E581A}.Debug|Any CPU.Build.0 = Debug|Any CPU
		{C9C069E9-F8C9-41A3-A635-9E86419E581A}.Release|Any CPU.ActiveCfg = Release|Any CPU
		{C9C069E9-F8C9-41A3-A635-9E86419E581A}.Release|Any CPU.Build.0 = Release|Any CPU
		{B6E2DF4C-0596-498A-BB05-8FC673830301}.Debug|Any CPU.ActiveCfg = Debug|Any CPU
		{B6E2DF4C-0596-498A-BB05-8FC673830301}.Debug|Any CPU.Build.0 = Debug|Any CPU
		{B6E2DF4C-0596-498A-BB05-8FC673830301}.Release|Any CPU.ActiveCfg = Release|Any CPU
		{B6E2DF4C-0596-498A-BB05-8FC673830301}.Release|Any CPU.Build.0 = Release|Any CPU
	EndGlobalSection
	GlobalSection(SolutionProperties) = preSolution
		HideSolutionNode = FALSE
	EndGlobalSection
	GlobalSection(ExtensibilityGlobals) = postSolution
		SolutionGuid = {A849E048-C11A-4BD8-B8B3-85746B366657}
	EndGlobalSection
EndGlobal
